
Microsoft Visual Studio Solution File, Format Version 12.00
# Visual Studio Version 16
VisualStudioVersion = 16.0.32510.428
MinimumVisualStudioVersion = 10.0.40219.1
Project("{FAE04EC0-301F-11D3-BF4B-00C04F79EFBC}") = "HammbuuFittUI", "UI\HammbuuFittUI.csproj", "{A92093BE-0E0E-45D6-B7B6-4F71DCCA442F}"
EndProject
Project("{FAE04EC0-301F-11D3-BF4B-00C04F79EFBC}") = "HammbuuFittDal", "HammbuuFittDal\HammbuuFittDal.csproj", "{B73594B3-1858-42F6-8EB6-7465959B6102}"
EndProject
Project("{FAE04EC0-301F-11D3-BF4B-00C04F79EFBC}") = "HammbuuFittData", "HammbuuFittData\HammbuuFittData.csproj", "{A5CBEB92-CBA4-4E24-942D-01867FCF81E1}"
EndProject
Global
	GlobalSection(SolutionConfigurationPlatforms) = preSolution
		Debug|Any CPU = Debug|Any CPU
		Release|Any CPU = Release|Any CPU
	EndGlobalSection
	GlobalSection(ProjectConfigurationPlatforms) = postSolution
		{A92093BE-0E0E-45D6-B7B6-4F71DCCA442F}.Debug|Any CPU.ActiveCfg = Debug|Any CPU
		{A92093BE-0E0E-45D6-B7B6-4F71DCCA442F}.Debug|Any CPU.Build.0 = Debug|Any CPU
		{A92093BE-0E0E-45D6-B7B6-4F71DCCA442F}.Release|Any CPU.ActiveCfg = Release|Any CPU
		{A92093BE-0E0E-45D6-B7B6-4F71DCCA442F}.Release|Any CPU.Build.0 = Release|Any CPU
		{B73594B3-1858-42F6-8EB6-7465959B6102}.Debug|Any CPU.ActiveCfg = Debug|Any CPU
		{B73594B3-1858-42F6-8EB6-7465959B6102}.Debug|Any CPU.Build.0 = Debug|Any CPU
		{B73594B3-1858-42F6-8EB6-7465959B6102}.Release|Any CPU.ActiveCfg = Release|Any CPU
		{B73594B3-1858-42F6-8EB6-7465959B6102}.Release|Any CPU.Build.0 = Release|Any CPU
		{A5CBEB92-CBA4-4E24-942D-01867FCF81E1}.Debug|Any CPU.ActiveCfg = Debug|Any CPU
		{A5CBEB92-CBA4-4E24-942D-01867FCF81E1}.Debug|Any CPU.Build.0 = Debug|Any CPU
		{A5CBEB92-CBA4-4E24-942D-01867FCF81E1}.Release|Any CPU.ActiveCfg = Release|Any CPU
		{A5CBEB92-CBA4-4E24-942D-01867FCF81E1}.Release|Any CPU.Build.0 = Release|Any CPU
	EndGlobalSection
	GlobalSection(SolutionProperties) = preSolution
		HideSolutionNode = FALSE
	EndGlobalSection
	GlobalSection(ExtensibilityGlobals) = postSolution
		SolutionGuid = {1380D28F-44C4-490F-9BA0-3E6D29DC080E}
	EndGlobalSection
EndGlobal
